
Microsoft Visual Studio Solution File, Format Version 12.00
# Visual Studio Version 17
VisualStudioVersion = 17.7.34009.444
MinimumVisualStudioVersion = 10.0.40219.1
Project("{FAE04EC0-301F-11D3-BF4B-00C04F79EFBC}") = "EvenNumber", "EvenNumber\EvenNumber.csproj", "{07528D02-AD3F-4E35-8047-259C7A57DA18}"
EndProject
Global
	GlobalSection(SolutionConfigurationPlatforms) = preSolution
		Debug|Any CPU = Debug|Any CPU
		Release|Any CPU = Release|Any CPU
	EndGlobalSection
	GlobalSection(ProjectConfigurationPlatforms) = postSolution
		{07528D02-AD3F-4E35-8047-259C7A57DA18}.Debug|Any CPU.ActiveCfg = Debug|Any CPU
		{07528D02-AD3F-4E35-8047-259C7A57DA18}.Debug|Any CPU.Build.0 = Debug|Any CPU
		{07528D02-AD3F-4E35-8047-259C7A57DA18}.Release|Any CPU.ActiveCfg = Release|Any CPU
		{07528D02-AD3F-4E35-8047-259C7A57DA18}.Release|Any CPU.Build.0 = Release|Any CPU
	EndGlobalSection
	GlobalSection(SolutionProperties) = preSolution
		HideSolutionNode = FALSE
	EndGlobalSection
	GlobalSection(ExtensibilityGlobals) = postSolution
		SolutionGuid = {3D0E94B3-B44A-4A2D-857E-A26627FFD526}
	EndGlobalSection
EndGlobal
